
Microsoft Visual Studio Solution File, Format Version 12.00
# Visual Studio 15
VisualStudioVersion = 15.0.28307.1022
MinimumVisualStudioVersion = 10.0.40219.1
Project("{8BC9CEB8-8B4A-11D0-8D11-00A0C91BC942}") = "capturecamera", "capturecamera\capturecamera.vcxproj", "{64A9A924-524F-4DB5-9468-9AC0D97789D0}"
EndProject
Project("{8BC9CEB8-8B4A-11D0-8D11-00A0C91BC942}") = "function", "function\function.vcxproj", "{C4ACA738-0B96-4A25-8170-267AA2F67DDB}"
EndProject
Global
	GlobalSection(SolutionConfigurationPlatforms) = preSolution
		Debug|x64 = Debug|x64
		Debug|x86 = Debug|x86
		Release|x64 = Release|x64
		Release|x86 = Release|x86
	EndGlobalSection
	GlobalSection(ProjectConfigurationPlatforms) = postSolution
		{64A9A924-524F-4DB5-9468-9AC0D97789D0}.Debug|x64.ActiveCfg = Debug|x64
		{64A9A924-524F-4DB5-9468-9AC0D97789D0}.Debug|x64.Build.0 = Debug|x64
		{64A9A924-524F-4DB5-9468-9AC0D97789D0}.Debug|x86.ActiveCfg = Debug|Win32
		{64A9A924-524F-4DB5-9468-9AC0D97789D0}.Debug|x86.Build.0 = Debug|Win32
		{64A9A924-524F-4DB5-9468-9AC0D97789D0}.Release|x64.ActiveCfg = Release|x64
		{64A9A924-524F-4DB5-9468-9AC0D97789D0}.Release|x64.Build.0 = Release|x64
		{64A9A924-524F-4DB5-9468-9AC0D97789D0}.Release|x86.ActiveCfg = Release|Win32
		{64A9A924-524F-4DB5-9468-9AC0D97789D0}.Release|x86.Build.0 = Release|Win32
		{C4ACA738-0B96-4A25-8170-267AA2F67DDB}.Debug|x64.ActiveCfg = Debug|x64
		{C4ACA738-0B96-4A25-8170-267AA2F67DDB}.Debug|x64.Build.0 = Debug|x64
		{C4ACA738-0B96-4A25-8170-267AA2F67DDB}.Debug|x86.ActiveCfg = Debug|Win32
		{C4ACA738-0B96-4A25-8170-267AA2F67DDB}.Debug|x86.Build.0 = Debug|Win32
		{C4ACA738-0B96-4A25-8170-267AA2F67DDB}.Release|x64.ActiveCfg = Release|x64
		{C4ACA738-0B96-4A25-8170-267AA2F67DDB}.Release|x64.Build.0 = Release|x64
		{C4ACA738-0B96-4A25-8170-267AA2F67DDB}.Release|x86.ActiveCfg = Release|Win32
		{C4ACA738-0B96-4A25-8170-267AA2F67DDB}.Release|x86.Build.0 = Release|Win32
	EndGlobalSection
	GlobalSection(SolutionProperties) = preSolution
		HideSolutionNode = FALSE
	EndGlobalSection
	GlobalSection(ExtensibilityGlobals) = postSolution
		SolutionGuid = {D4B13A3A-5A77-47ED-AD7A-D167CD59D67C}
	EndGlobalSection
EndGlobal
